
Microsoft Visual Studio Solution File, Format Version 12.00
# Visual Studio 14
VisualStudioVersion = 14.0.25420.1
MinimumVisualStudioVersion = 10.0.40219.1
Project("{FAE04EC0-301F-11D3-BF4B-00C04F79EFBC}") = "Atrea.Mobile", "Atrea.Mobile\Atrea.Mobile\Atrea.Mobile.csproj", "{39C76D7C-258F-4D58-B7E3-07F176C9196B}"
EndProject
Project("{FAE04EC0-301F-11D3-BF4B-00C04F79EFBC}") = "Atrea.Mobile.Droid", "Atrea.Mobile\Atrea.Mobile.Droid\Atrea.Mobile.Droid.csproj", "{8A8C685C-797C-4C45-AC08-AF7A3597E96B}"
EndProject
Project("{FAE04EC0-301F-11D3-BF4B-00C04F79EFBC}") = "Atrea.Mobile.iOS", "Atrea.Mobile\Atrea.Mobile.iOS\Atrea.Mobile.iOS.csproj", "{E060CAC8-5C0B-4547-B8CB-AAF8B4B7EAE2}"
EndProject
Project("{FAE04EC0-301F-11D3-BF4B-00C04F79EFBC}") = "Atrea.Mobile.WinPhone", "Atrea.Mobile\Atrea.Mobile.WinPhone\Atrea.Mobile.WinPhone.csproj", "{DD22FC3D-9730-433E-9BF9-3DD36E06A841}"
EndProject
Project("{FAE04EC0-301F-11D3-BF4B-00C04F79EFBC}") = "Atrea.Mobile.UWP", "Atrea.Mobile\Atrea.Mobile.UWP\Atrea.Mobile.UWP.csproj", "{F6FAA26D-4213-4110-9539-2F013C32E50F}"
EndProject
Project("{FAE04EC0-301F-11D3-BF4B-00C04F79EFBC}") = "Atrea.Mobile.Windows", "Atrea.Mobile\Atrea.Mobile.Windows\Atrea.Mobile.Windows.csproj", "{8BCC71D2-144B-40F7-91DD-20322A9F5BBF}"
EndProject
Global
	GlobalSection(SolutionConfigurationPlatforms) = preSolution
		Ad-Hoc|Any CPU = Ad-Hoc|Any CPU
		Ad-Hoc|ARM = Ad-Hoc|ARM
		Ad-Hoc|iPhone = Ad-Hoc|iPhone
		Ad-Hoc|iPhoneSimulator = Ad-Hoc|iPhoneSimulator
		Ad-Hoc|x64 = Ad-Hoc|x64
		Ad-Hoc|x86 = Ad-Hoc|x86
		AppStore|Any CPU = AppStore|Any CPU
		AppStore|ARM = AppStore|ARM
		AppStore|iPhone = AppStore|iPhone
		AppStore|iPhoneSimulator = AppStore|iPhoneSimulator
		AppStore|x64 = AppStore|x64
		AppStore|x86 = AppStore|x86
		Debug|Any CPU = Debug|Any CPU
		Debug|ARM = Debug|ARM
		Debug|iPhone = Debug|iPhone
		Debug|iPhoneSimulator = Debug|iPhoneSimulator
		Debug|x64 = Debug|x64
		Debug|x86 = Debug|x86
		Release|Any CPU = Release|Any CPU
		Release|ARM = Release|ARM
		Release|iPhone = Release|iPhone
		Release|iPhoneSimulator = Release|iPhoneSimulator
		Release|x64 = Release|x64
		Release|x86 = Release|x86
	EndGlobalSection
	GlobalSection(ProjectConfigurationPlatforms) = postSolution
		{39C76D7C-258F-4D58-B7E3-07F176C9196B}.Ad-Hoc|Any CPU.ActiveCfg = Release|Any CPU
		{39C76D7C-258F-4D58-B7E3-07F176C9196B}.Ad-Hoc|Any CPU.Build.0 = Release|Any CPU
		{39C76D7C-258F-4D58-B7E3-07F176C9196B}.Ad-Hoc|ARM.ActiveCfg = Release|Any CPU
		{39C76D7C-258F-4D58-B7E3-07F176C9196B}.Ad-Hoc|ARM.Build.0 = Release|Any CPU
		{39C76D7C-258F-4D58-B7E3-07F176C9196B}.Ad-Hoc|iPhone.ActiveCfg = Release|Any CPU
		{39C76D7C-258F-4D58-B7E3-07F176C9196B}.Ad-Hoc|iPhone.Build.0 = Release|Any CPU
		{39C76D7C-258F-4D58-B7E3-07F176C9196B}.Ad-Hoc|iPhoneSimulator.ActiveCfg = Release|Any CPU
		{39C76D7C-258F-4D58-B7E3-07F176C9196B}.Ad-Hoc|iPhoneSimulator.Build.0 = Release|Any CPU
		{39C76D7C-258F-4D58-B7E3-07F176C9196B}.Ad-Hoc|x64.ActiveCfg = Release|Any CPU
		{39C76D7C-258F-4D58-B7E3-07F176C9196B}.Ad-Hoc|x64.Build.0 = Release|Any CPU
		{39C76D7C-258F-4D58-B7E3-07F176C9196B}.Ad-Hoc|x86.ActiveCfg = Release|Any CPU
		{39C76D7C-258F-4D58-B7E3-07F176C9196B}.Ad-Hoc|x86.Build.0 = Release|Any CPU
		{39C76D7C-258F-4D58-B7E3-07F176C9196B}.AppStore|Any CPU.ActiveCfg = Release|Any CPU
		{39C76D7C-258F-4D58-B7E3-07F176C9196B}.AppStore|Any CPU.Build.0 = Release|Any CPU
		{39C76D7C-258F-4D58-B7E3-07F176C9196B}.AppStore|ARM.ActiveCfg = Release|Any CPU
		{39C76D7C-258F-4D58-B7E3-07F176C9196B}.AppStore|ARM.Build.0 = Release|Any CPU
		{39C76D7C-258F-4D58-B7E3-07F176C9196B}.AppStore|iPhone.ActiveCfg = Release|Any CPU
		{39C76D7C-258F-4D58-B7E3-07F176C9196B}.AppStore|iPhone.Build.0 = Release|Any CPU
		{39C76D7C-258F-4D58-B7E3-07F176C9196B}.AppStore|iPhoneSimulator.ActiveCfg = Release|Any CPU
		{39C76D7C-258F-4D58-B7E3-07F176C9196B}.AppStore|iPhoneSimulator.Build.0 = Release|Any CPU
		{39C76D7C-258F-4D58-B7E3-07F176C9196B}.AppStore|x64.ActiveCfg = Release|Any CPU
		{39C76D7C-258F-4D58-B7E3-07F176C9196B}.AppStore|x64.Build.0 = Release|Any CPU
		{39C76D7C-258F-4D58-B7E3-07F176C9196B}.AppStore|x86.ActiveCfg = Release|Any CPU
		{39C76D7C-258F-4D58-B7E3-07F176C9196B}.AppStore|x86.Build.0 = Release|Any CPU
		{39C76D7C-258F-4D58-B7E3-07F176C9196B}.Debug|Any CPU.ActiveCfg = Debug|Any CPU
		{39C76D7C-258F-4D58-B7E3-07F176C9196B}.Debug|Any CPU.Build.0 = Debug|Any CPU
		{39C76D7C-258F-4D58-B7E3-07F176C9196B}.Debug|ARM.ActiveCfg = Debug|Any CPU
		{39C76D7C-258F-4D58-B7E3-07F176C9196B}.Debug|ARM.Build.0 = Debug|Any CPU
		{39C76D7C-258F-4D58-B7E3-07F176C9196B}.Debug|iPhone.ActiveCfg = Debug|Any CPU
		{39C76D7C-258F-4D58-B7E3-07F176C9196B}.Debug|iPhone.Build.0 = Debug|Any CPU
		{39C76D7C-258F-4D58-B7E3-07F176C9196B}.Debug|iPhoneSimulator.ActiveCfg = Debug|Any CPU
		{39C76D7C-258F-4D58-B7E3-07F176C9196B}.Debug|iPhoneSimulator.Build.0 = Debug|Any CPU
		{39C76D7C-258F-4D58-B7E3-07F176C9196B}.Debug|x64.ActiveCfg = Debug|Any CPU
		{39C76D7C-258F-4D58-B7E3-07F176C9196B}.Debug|x64.Build.0 = Debug|Any CPU
		{39C76D7C-258F-4D58-B7E3-07F176C9196B}.Debug|x86.ActiveCfg = Debug|Any CPU
		{39C76D7C-258F-4D58-B7E3-07F176C9196B}.Debug|x86.Build.0 = Debug|Any CPU
		{39C76D7C-258F-4D58-B7E3-07F176C9196B}.Release|Any CPU.ActiveCfg = Release|Any CPU
		{39C76D7C-258F-4D58-B7E3-07F176C9196B}.Release|Any CPU.Build.0 = Release|Any CPU
		{39C76D7C-258F-4D58-B7E3-07F176C9196B}.Release|ARM.ActiveCfg = Release|Any CPU
		{39C76D7C-258F-4D58-B7E3-07F176C9196B}.Release|ARM.Build.0 = Release|Any CPU
		{39C76D7C-258F-4D58-B7E3-07F176C9196B}.Release|iPhone.ActiveCfg = Release|Any CPU
		{39C76D7C-258F-4D58-B7E3-07F176C9196B}.Release|iPhone.Build.0 = Release|Any CPU
		{39C76D7C-258F-4D58-B7E3-07F176C9196B}.Release|iPhoneSimulator.ActiveCfg = Release|Any CPU
		{39C76D7C-258F-4D58-B7E3-07F176C9196B}.Release|iPhoneSimulator.Build.0 = Release|Any CPU
		{39C76D7C-258F-4D58-B7E3-07F176C9196B}.Release|x64.ActiveCfg = Release|Any CPU
		{39C76D7C-258F-4D58-B7E3-07F176C9196B}.Release|x64.Build.0 = Release|Any CPU
		{39C76D7C-258F-4D58-B7E3-07F176C9196B}.Release|x86.ActiveCfg = Release|Any CPU
		{39C76D7C-258F-4D58-B7E3-07F176C9196B}.Release|x86.Build.0 = Release|Any CPU
		{8A8C685C-797C-4C45-AC08-AF7A3597E96B}.Ad-Hoc|Any CPU.ActiveCfg = Release|Any CPU
		{8A8C685C-797C-4C45-AC08-AF7A3597E96B}.Ad-Hoc|Any CPU.Build.0 = Release|Any CPU
		{8A8C685C-797C-4C45-AC08-AF7A3597E96B}.Ad-Hoc|Any CPU.Deploy.0 = Release|Any CPU
		{8A8C685C-797C-4C45-AC08-AF7A3597E96B}.Ad-Hoc|ARM.ActiveCfg = Release|Any CPU
		{8A8C685C-797C-4C45-AC08-AF7A3597E96B}.Ad-Hoc|ARM.Build.0 = Release|Any CPU
		{8A8C685C-797C-4C45-AC08-AF7A3597E96B}.Ad-Hoc|ARM.Deploy.0 = Release|Any CPU
		{8A8C685C-797C-4C45-AC08-AF7A3597E96B}.Ad-Hoc|iPhone.ActiveCfg = Release|Any CPU
		{8A8C685C-797C-4C45-AC08-AF7A3597E96B}.Ad-Hoc|iPhone.Build.0 = Release|Any CPU
		{8A8C685C-797C-4C45-AC08-AF7A3597E96B}.Ad-Hoc|iPhone.Deploy.0 = Release|Any CPU
		{8A8C685C-797C-4C45-AC08-AF7A3597E96B}.Ad-Hoc|iPhoneSimulator.ActiveCfg = Release|Any CPU
		{8A8C685C-797C-4C45-AC08-AF7A3597E96B}.Ad-Hoc|iPhoneSimulator.Build.0 = Release|Any CPU
		{8A8C685C-797C-4C45-AC08-AF7A3597E96B}.Ad-Hoc|iPhoneSimulator.Deploy.0 = Release|Any CPU
		{8A8C685C-797C-4C45-AC08-AF7A3597E96B}.Ad-Hoc|x64.ActiveCfg = Release|Any CPU
		{8A8C685C-797C-4C45-AC08-AF7A3597E96B}.Ad-Hoc|x64.Build.0 = Release|Any CPU
		{8A8C685C-797C-4C45-AC08-AF7A3597E96B}.Ad-Hoc|x64.Deploy.0 = Release|Any CPU
		{8A8C685C-797C-4C45-AC08-AF7A3597E96B}.Ad-Hoc|x86.ActiveCfg = Release|Any CPU
		{8A8C685C-797C-4C45-AC08-AF7A3597E96B}.Ad-Hoc|x86.Build.0 = Release|Any CPU
		{8A8C685C-797C-4C45-AC08-AF7A3597E96B}.Ad-Hoc|x86.Deploy.0 = Release|Any CPU
		{8A8C685C-797C-4C45-AC08-AF7A3597E96B}.AppStore|Any CPU.ActiveCfg = Release|Any CPU
		{8A8C685C-797C-4C45-AC08-AF7A3597E96B}.AppStore|Any CPU.Build.0 = Release|Any CPU
		{8A8C685C-797C-4C45-AC08-AF7A3597E96B}.AppStore|Any CPU.Deploy.0 = Release|Any CPU
		{8A8C685C-797C-4C45-AC08-AF7A3597E96B}.AppStore|ARM.ActiveCfg = Release|Any CPU
		{8A8C685C-797C-4C45-AC08-AF7A3597E96B}.AppStore|ARM.Build.0 = Release|Any CPU
		{8A8C685C-797C-4C45-AC08-AF7A3597E96B}.AppStore|ARM.Deploy.0 = Release|Any CPU
		{8A8C685C-797C-4C45-AC08-AF7A3597E96B}.AppStore|iPhone.ActiveCfg = Release|Any CPU
		{8A8C685C-797C-4C45-AC08-AF7A3597E96B}.AppStore|iPhone.Build.0 = Release|Any CPU
		{8A8C685C-797C-4C45-AC08-AF7A3597E96B}.AppStore|iPhone.Deploy.0 = Release|Any CPU
		{8A8C685C-797C-4C45-AC08-AF7A3597E96B}.AppStore|iPhoneSimulator.ActiveCfg = Release|Any CPU
		{8A8C685C-797C-4C45-AC08-AF7A3597E96B}.AppStore|iPhoneSimulator.Build.0 = Release|Any CPU
		{8A8C685C-797C-4C45-AC08-AF7A3597E96B}.AppStore|iPhoneSimulator.Deploy.0 = Release|Any CPU
		{8A8C685C-797C-4C45-AC08-AF7A3597E96B}.AppStore|x64.ActiveCfg = Release|Any CPU
		{8A8C685C-797C-4C45-AC08-AF7A3597E96B}.AppStore|x64.Build.0 = Release|Any CPU
		{8A8C685C-797C-4C45-AC08-AF7A3597E96B}.AppStore|x64.Deploy.0 = Release|Any CPU
		{8A8C685C-797C-4C45-AC08-AF7A3597E96B}.AppStore|x86.ActiveCfg = Release|Any CPU
		{8A8C685C-797C-4C45-AC08-AF7A3597E96B}.AppStore|x86.Build.0 = Release|Any CPU
		{8A8C685C-797C-4C45-AC08-AF7A3597E96B}.AppStore|x86.Deploy.0 = Release|Any CPU
		{8A8C685C-797C-4C45-AC08-AF7A3597E96B}.Debug|Any CPU.ActiveCfg = Debug|Any CPU
		{8A8C685C-797C-4C45-AC08-AF7A3597E96B}.Debug|Any CPU.Build.0 = Debug|Any CPU
		{8A8C685C-797C-4C45-AC08-AF7A3597E96B}.Debug|Any CPU.Deploy.0 = Debug|Any CPU
		{8A8C685C-797C-4C45-AC08-AF7A3597E96B}.Debug|ARM.ActiveCfg = Debug|Any CPU
		{8A8C685C-797C-4C45-AC08-AF7A3597E96B}.Debug|ARM.Build.0 = Debug|Any CPU
		{8A8C685C-797C-4C45-AC08-AF7A3597E96B}.Debug|ARM.Deploy.0 = Debug|Any CPU
		{8A8C685C-797C-4C45-AC08-AF7A3597E96B}.Debug|iPhone.ActiveCfg = Debug|Any CPU
		{8A8C685C-797C-4C45-AC08-AF7A3597E96B}.Debug|iPhone.Build.0 = Debug|Any CPU
		{8A8C685C-797C-4C45-AC08-AF7A3597E96B}.Debug|iPhone.Deploy.0 = Debug|Any CPU
		{8A8C685C-797C-4C45-AC08-AF7A3597E96B}.Debug|iPhoneSimulator.ActiveCfg = Debug|Any CPU
		{8A8C685C-797C-4C45-AC08-AF7A3597E96B}.Debug|iPhoneSimulator.Build.0 = Debug|Any CPU
		{8A8C685C-797C-4C45-AC08-AF7A3597E96B}.Debug|iPhoneSimulator.Deploy.0 = Debug|Any CPU
		{8A8C685C-797C-4C45-AC08-AF7A3597E96B}.Debug|x64.ActiveCfg = Debug|Any CPU
		{8A8C685C-797C-4C45-AC08-AF7A3597E96B}.Debug|x64.Build.0 = Debug|Any CPU
		{8A8C685C-797C-4C45-AC08-AF7A3597E96B}.Debug|x64.Deploy.0 = Debug|Any CPU
		{8A8C685C-797C-4C45-AC08-AF7A3597E96B}.Debug|x86.ActiveCfg = Debug|Any CPU
		{8A8C685C-797C-4C45-AC08-AF7A3597E96B}.Debug|x86.Build.0 = Debug|Any CPU
		{8A8C685C-797C-4C45-AC08-AF7A3597E96B}.Debug|x86.Deploy.0 = Debug|Any CPU
		{8A8C685C-797C-4C45-AC08-AF7A3597E96B}.Release|Any CPU.ActiveCfg = Release|Any CPU
		{8A8C685C-797C-4C45-AC08-AF7A3597E96B}.Release|Any CPU.Build.0 = Release|Any CPU
		{8A8C685C-797C-4C45-AC08-AF7A3597E96B}.Release|Any CPU.Deploy.0 = Release|Any CPU
		{8A8C685C-797C-4C45-AC08-AF7A3597E96B}.Release|ARM.ActiveCfg = Release|Any CPU
		{8A8C685C-797C-4C45-AC08-AF7A3597E96B}.Release|ARM.Build.0 = Release|Any CPU
		{8A8C685C-797C-4C45-AC08-AF7A3597E96B}.Release|ARM.Deploy.0 = Release|Any CPU
		{8A8C685C-797C-4C45-AC08-AF7A3597E96B}.Release|iPhone.ActiveCfg = Release|Any CPU
		{8A8C685C-797C-4C45-AC08-AF7A3597E96B}.Release|iPhone.Build.0 = Release|Any CPU
		{8A8C685C-797C-4C45-AC08-AF7A3597E96B}.Release|iPhone.Deploy.0 = Release|Any CPU
		{8A8C685C-797C-4C45-AC08-AF7A3597E96B}.Release|iPhoneSimulator.ActiveCfg = Release|Any CPU
		{8A8C685C-797C-4C45-AC08-AF7A3597E96B}.Release|iPhoneSimulator.Build.0 = Release|Any CPU
		{8A8C685C-797C-4C45-AC08-AF7A3597E96B}.Release|iPhoneSimulator.Deploy.0 = Release|Any CPU
		{8A8C685C-797C-4C45-AC08-AF7A3597E96B}.Release|x64.ActiveCfg = Release|Any CPU
		{8A8C685C-797C-4C45-AC08-AF7A3597E96B}.Release|x64.Build.0 = Release|Any CPU
		{8A8C685C-797C-4C45-AC08-AF7A3597E96B}.Release|x64.Deploy.0 = Release|Any CPU
		{8A8C685C-797C-4C45-AC08-AF7A3597E96B}.Release|x86.ActiveCfg = Release|Any CPU
		{8A8C685C-797C-4C45-AC08-AF7A3597E96B}.Release|x86.Build.0 = Release|Any CPU
		{8A8C685C-797C-4C45-AC08-AF7A3597E96B}.Release|x86.Deploy.0 = Release|Any CPU
		{E060CAC8-5C0B-4547-B8CB-AAF8B4B7EAE2}.Ad-Hoc|Any CPU.ActiveCfg = Ad-Hoc|iPhone
		{E060CAC8-5C0B-4547-B8CB-AAF8B4B7EAE2}.Ad-Hoc|ARM.ActiveCfg = Ad-Hoc|iPhone
		{E060CAC8-5C0B-4547-B8CB-AAF8B4B7EAE2}.Ad-Hoc|iPhone.ActiveCfg = Ad-Hoc|iPhone
		{E060CAC8-5C0B-4547-B8CB-AAF8B4B7EAE2}.Ad-Hoc|iPhone.Build.0 = Ad-Hoc|iPhone
		{E060CAC8-5C0B-4547-B8CB-AAF8B4B7EAE2}.Ad-Hoc|iPhoneSimulator.ActiveCfg = Ad-Hoc|iPhoneSimulator
		{E060CAC8-5C0B-4547-B8CB-AAF8B4B7EAE2}.Ad-Hoc|iPhoneSimulator.Build.0 = Ad-Hoc|iPhoneSimulator
		{E060CAC8-5C0B-4547-B8CB-AAF8B4B7EAE2}.Ad-Hoc|x64.ActiveCfg = Ad-Hoc|iPhone
		{E060CAC8-5C0B-4547-B8CB-AAF8B4B7EAE2}.Ad-Hoc|x86.ActiveCfg = Ad-Hoc|iPhone
		{E060CAC8-5C0B-4547-B8CB-AAF8B4B7EAE2}.AppStore|Any CPU.ActiveCfg = AppStore|iPhone
		{E060CAC8-5C0B-4547-B8CB-AAF8B4B7EAE2}.AppStore|ARM.ActiveCfg = AppStore|iPhone
		{E060CAC8-5C0B-4547-B8CB-AAF8B4B7EAE2}.AppStore|iPhone.ActiveCfg = AppStore|iPhone
		{E060CAC8-5C0B-4547-B8CB-AAF8B4B7EAE2}.AppStore|iPhone.Build.0 = AppStore|iPhone
		{E060CAC8-5C0B-4547-B8CB-AAF8B4B7EAE2}.AppStore|iPhoneSimulator.ActiveCfg = AppStore|iPhoneSimulator
		{E060CAC8-5C0B-4547-B8CB-AAF8B4B7EAE2}.AppStore|iPhoneSimulator.Build.0 = AppStore|iPhoneSimulator
		{E060CAC8-5C0B-4547-B8CB-AAF8B4B7EAE2}.AppStore|x64.ActiveCfg = AppStore|iPhone
		{E060CAC8-5C0B-4547-B8CB-AAF8B4B7EAE2}.AppStore|x86.ActiveCfg = AppStore|iPhone
		{E060CAC8-5C0B-4547-B8CB-AAF8B4B7EAE2}.Debug|Any CPU.ActiveCfg = Debug|iPhone
		{E060CAC8-5C0B-4547-B8CB-AAF8B4B7EAE2}.Debug|ARM.ActiveCfg = Debug|iPhone
		{E060CAC8-5C0B-4547-B8CB-AAF8B4B7EAE2}.Debug|iPhone.ActiveCfg = Debug|iPhone
		{E060CAC8-5C0B-4547-B8CB-AAF8B4B7EAE2}.Debug|iPhone.Build.0 = Debug|iPhone
		{E060CAC8-5C0B-4547-B8CB-AAF8B4B7EAE2}.Debug|iPhoneSimulator.ActiveCfg = Debug|iPhoneSimulator
		{E060CAC8-5C0B-4547-B8CB-AAF8B4B7EAE2}.Debug|iPhoneSimulator.Build.0 = Debug|iPhoneSimulator
		{E060CAC8-5C0B-4547-B8CB-AAF8B4B7EAE2}.Debug|x64.ActiveCfg = Debug|iPhone
		{E060CAC8-5C0B-4547-B8CB-AAF8B4B7EAE2}.Debug|x86.ActiveCfg = Debug|iPhone
		{E060CAC8-5C0B-4547-B8CB-AAF8B4B7EAE2}.Release|Any CPU.ActiveCfg = Release|iPhone
		{E060CAC8-5C0B-4547-B8CB-AAF8B4B7EAE2}.Release|ARM.ActiveCfg = Release|iPhone
		{E060CAC8-5C0B-4547-B8CB-AAF8B4B7EAE2}.Release|iPhone.ActiveCfg = Release|iPhone
		{E060CAC8-5C0B-4547-B8CB-AAF8B4B7EAE2}.Release|iPhone.Build.0 = Release|iPhone
		{E060CAC8-5C0B-4547-B8CB-AAF8B4B7EAE2}.Release|iPhoneSimulator.ActiveCfg = Release|iPhoneSimulator
		{E060CAC8-5C0B-4547-B8CB-AAF8B4B7EAE2}.Release|iPhoneSimulator.Build.0 = Release|iPhoneSimulator
		{E060CAC8-5C0B-4547-B8CB-AAF8B4B7EAE2}.Release|x64.ActiveCfg = Release|iPhone
		{E060CAC8-5C0B-4547-B8CB-AAF8B4B7EAE2}.Release|x86.ActiveCfg = Release|iPhone
		{DD22FC3D-9730-433E-9BF9-3DD36E06A841}.Ad-Hoc|Any CPU.ActiveCfg = Release|Any CPU
		{DD22FC3D-9730-433E-9BF9-3DD36E06A841}.Ad-Hoc|Any CPU.Build.0 = Release|Any CPU
		{DD22FC3D-9730-433E-9BF9-3DD36E06A841}.Ad-Hoc|Any CPU.Deploy.0 = Release|Any CPU
		{DD22FC3D-9730-433E-9BF9-3DD36E06A841}.Ad-Hoc|ARM.ActiveCfg = Release|ARM
		{DD22FC3D-9730-433E-9BF9-3DD36E06A841}.Ad-Hoc|ARM.Build.0 = Release|ARM
		{DD22FC3D-9730-433E-9BF9-3DD36E06A841}.Ad-Hoc|ARM.Deploy.0 = Release|ARM
		{DD22FC3D-9730-433E-9BF9-3DD36E06A841}.Ad-Hoc|iPhone.ActiveCfg = Release|Any CPU
		{DD22FC3D-9730-433E-9BF9-3DD36E06A841}.Ad-Hoc|iPhone.Build.0 = Release|Any CPU
		{DD22FC3D-9730-433E-9BF9-3DD36E06A841}.Ad-Hoc|iPhone.Deploy.0 = Release|Any CPU
		{DD22FC3D-9730-433E-9BF9-3DD36E06A841}.Ad-Hoc|iPhoneSimulator.ActiveCfg = Release|Any CPU
		{DD22FC3D-9730-433E-9BF9-3DD36E06A841}.Ad-Hoc|iPhoneSimulator.Build.0 = Release|Any CPU
		{DD22FC3D-9730-433E-9BF9-3DD36E06A841}.Ad-Hoc|iPhoneSimulator.Deploy.0 = Release|Any CPU
		{DD22FC3D-9730-433E-9BF9-3DD36E06A841}.Ad-Hoc|x64.ActiveCfg = Release|Any CPU
		{DD22FC3D-9730-433E-9BF9-3DD36E06A841}.Ad-Hoc|x64.Build.0 = Release|Any CPU
		{DD22FC3D-9730-433E-9BF9-3DD36E06A841}.Ad-Hoc|x64.Deploy.0 = Release|Any CPU
		{DD22FC3D-9730-433E-9BF9-3DD36E06A841}.Ad-Hoc|x86.ActiveCfg = Release|x86
		{DD22FC3D-9730-433E-9BF9-3DD36E06A841}.Ad-Hoc|x86.Build.0 = Release|x86
		{DD22FC3D-9730-433E-9BF9-3DD36E06A841}.Ad-Hoc|x86.Deploy.0 = Release|x86
		{DD22FC3D-9730-433E-9BF9-3DD36E06A841}.AppStore|Any CPU.ActiveCfg = Release|Any CPU
		{DD22FC3D-9730-433E-9BF9-3DD36E06A841}.AppStore|Any CPU.Build.0 = Release|Any CPU
		{DD22FC3D-9730-433E-9BF9-3DD36E06A841}.AppStore|Any CPU.Deploy.0 = Release|Any CPU
		{DD22FC3D-9730-433E-9BF9-3DD36E06A841}.AppStore|ARM.ActiveCfg = Release|ARM
		{DD22FC3D-9730-433E-9BF9-3DD36E06A841}.AppStore|ARM.Build.0 = Release|ARM
		{DD22FC3D-9730-433E-9BF9-3DD36E06A841}.AppStore|ARM.Deploy.0 = Release|ARM
		{DD22FC3D-9730-433E-9BF9-3DD36E06A841}.AppStore|iPhone.ActiveCfg = Release|Any CPU
		{DD22FC3D-9730-433E-9BF9-3DD36E06A841}.AppStore|iPhone.Build.0 = Release|Any CPU
		{DD22FC3D-9730-433E-9BF9-3DD36E06A841}.AppStore|iPhone.Deploy.0 = Release|Any CPU
		{DD22FC3D-9730-433E-9BF9-3DD36E06A841}.AppStore|iPhoneSimulator.ActiveCfg = Release|Any CPU
		{DD22FC3D-9730-433E-9BF9-3DD36E06A841}.AppStore|iPhoneSimulator.Build.0 = Release|Any CPU
		{DD22FC3D-9730-433E-9BF9-3DD36E06A841}.AppStore|iPhoneSimulator.Deploy.0 = Release|Any CPU
		{DD22FC3D-9730-433E-9BF9-3DD36E06A841}.AppStore|x64.ActiveCfg = Release|Any CPU
		{DD22FC3D-9730-433E-9BF9-3DD36E06A841}.AppStore|x64.Build.0 = Release|Any CPU
		{DD22FC3D-9730-433E-9BF9-3DD36E06A841}.AppStore|x64.Deploy.0 = Release|Any CPU
		{DD22FC3D-9730-433E-9BF9-3DD36E06A841}.AppStore|x86.ActiveCfg = Release|x86
		{DD22FC3D-9730-433E-9BF9-3DD36E06A841}.AppStore|x86.Build.0 = Release|x86
		{DD22FC3D-9730-433E-9BF9-3DD36E06A841}.AppStore|x86.Deploy.0 = Release|x86
		{DD22FC3D-9730-433E-9BF9-3DD36E06A841}.Debug|Any CPU.ActiveCfg = Debug|Any CPU
		{DD22FC3D-9730-433E-9BF9-3DD36E06A841}.Debug|Any CPU.Build.0 = Debug|Any CPU
		{DD22FC3D-9730-433E-9BF9-3DD36E06A841}.Debug|Any CPU.Deploy.0 = Debug|Any CPU
		{DD22FC3D-9730-433E-9BF9-3DD36E06A841}.Debug|ARM.ActiveCfg = Debug|ARM
		{DD22FC3D-9730-433E-9BF9-3DD36E06A841}.Debug|ARM.Build.0 = Debug|ARM
		{DD22FC3D-9730-433E-9BF9-3DD36E06A841}.Debug|ARM.Deploy.0 = Debug|ARM
		{DD22FC3D-9730-433E-9BF9-3DD36E06A841}.Debug|iPhone.ActiveCfg = Debug|Any CPU
		{DD22FC3D-9730-433E-9BF9-3DD36E06A841}.Debug|iPhone.Build.0 = Debug|Any CPU
		{DD22FC3D-9730-433E-9BF9-3DD36E06A841}.Debug|iPhone.Deploy.0 = Debug|Any CPU
		{DD22FC3D-9730-433E-9BF9-3DD36E06A841}.Debug|iPhoneSimulator.ActiveCfg = Debug|Any CPU
		{DD22FC3D-9730-433E-9BF9-3DD36E06A841}.Debug|iPhoneSimulator.Build.0 = Debug|Any CPU
		{DD22FC3D-9730-433E-9BF9-3DD36E06A841}.Debug|iPhoneSimulator.Deploy.0 = Debug|Any CPU
		{DD22FC3D-9730-433E-9BF9-3DD36E06A841}.Debug|x64.ActiveCfg = Debug|Any CPU
		{DD22FC3D-9730-433E-9BF9-3DD36E06A841}.Debug|x64.Build.0 = Debug|Any CPU
		{DD22FC3D-9730-433E-9BF9-3DD36E06A841}.Debug|x64.Deploy.0 = Debug|Any CPU
		{DD22FC3D-9730-433E-9BF9-3DD36E06A841}.Debug|x86.ActiveCfg = Debug|x86
		{DD22FC3D-9730-433E-9BF9-3DD36E06A841}.Debug|x86.Build.0 = Debug|x86
		{DD22FC3D-9730-433E-9BF9-3DD36E06A841}.Debug|x86.Deploy.0 = Debug|x86
		{DD22FC3D-9730-433E-9BF9-3DD36E06A841}.Release|Any CPU.ActiveCfg = Release|Any CPU
		{DD22FC3D-9730-433E-9BF9-3DD36E06A841}.Release|Any CPU.Build.0 = Release|Any CPU
		{DD22FC3D-9730-433E-9BF9-3DD36E06A841}.Release|Any CPU.Deploy.0 = Release|Any CPU
		{DD22FC3D-9730-433E-9BF9-3DD36E06A841}.Release|ARM.ActiveCfg = Release|ARM
		{DD22FC3D-9730-433E-9BF9-3DD36E06A841}.Release|ARM.Build.0 = Release|ARM
		{DD22FC3D-9730-433E-9BF9-3DD36E06A841}.Release|ARM.Deploy.0 = Release|ARM
		{DD22FC3D-9730-433E-9BF9-3DD36E06A841}.Release|iPhone.ActiveCfg = Release|Any CPU
		{DD22FC3D-9730-433E-9BF9-3DD36E06A841}.Release|iPhone.Build.0 = Release|Any CPU
		{DD22FC3D-9730-433E-9BF9-3DD36E06A841}.Release|iPhone.Deploy.0 = Release|Any CPU
		{DD22FC3D-9730-433E-9BF9-3DD36E06A841}.Release|iPhoneSimulator.ActiveCfg = Release|Any CPU
		{DD22FC3D-9730-433E-9BF9-3DD36E06A841}.Release|iPhoneSimulator.Build.0 = Release|Any CPU
		{DD22FC3D-9730-433E-9BF9-3DD36E06A841}.Release|iPhoneSimulator.Deploy.0 = Release|Any CPU
		{DD22FC3D-9730-433E-9BF9-3DD36E06A841}.Release|x64.ActiveCfg = Release|Any CPU
		{DD22FC3D-9730-433E-9BF9-3DD36E06A841}.Release|x64.Build.0 = Release|Any CPU
		{DD22FC3D-9730-433E-9BF9-3DD36E06A841}.Release|x64.Deploy.0 = Release|Any CPU
		{DD22FC3D-9730-433E-9BF9-3DD36E06A841}.Release|x86.ActiveCfg = Release|x86
		{DD22FC3D-9730-433E-9BF9-3DD36E06A841}.Release|x86.Build.0 = Release|x86
		{DD22FC3D-9730-433E-9BF9-3DD36E06A841}.Release|x86.Deploy.0 = Release|x86
		{F6FAA26D-4213-4110-9539-2F013C32E50F}.Ad-Hoc|Any CPU.ActiveCfg = Release|x86
		{F6FAA26D-4213-4110-9539-2F013C32E50F}.Ad-Hoc|Any CPU.Build.0 = Release|x86
		{F6FAA26D-4213-4110-9539-2F013C32E50F}.Ad-Hoc|Any CPU.Deploy.0 = Release|x86
		{F6FAA26D-4213-4110-9539-2F013C32E50F}.Ad-Hoc|ARM.ActiveCfg = Release|ARM
		{F6FAA26D-4213-4110-9539-2F013C32E50F}.Ad-Hoc|ARM.Build.0 = Release|ARM
		{F6FAA26D-4213-4110-9539-2F013C32E50F}.Ad-Hoc|ARM.Deploy.0 = Release|ARM
		{F6FAA26D-4213-4110-9539-2F013C32E50F}.Ad-Hoc|iPhone.ActiveCfg = Release|x86
		{F6FAA26D-4213-4110-9539-2F013C32E50F}.Ad-Hoc|iPhone.Build.0 = Release|x86
		{F6FAA26D-4213-4110-9539-2F013C32E50F}.Ad-Hoc|iPhone.Deploy.0 = Release|x86
		{F6FAA26D-4213-4110-9539-2F013C32E50F}.Ad-Hoc|iPhoneSimulator.ActiveCfg = Release|x86
		{F6FAA26D-4213-4110-9539-2F013C32E50F}.Ad-Hoc|iPhoneSimulator.Build.0 = Release|x86
		{F6FAA26D-4213-4110-9539-2F013C32E50F}.Ad-Hoc|iPhoneSimulator.Deploy.0 = Release|x86
		{F6FAA26D-4213-4110-9539-2F013C32E50F}.Ad-Hoc|x64.ActiveCfg = Release|x64
		{F6FAA26D-4213-4110-9539-2F013C32E50F}.Ad-Hoc|x64.Build.0 = Release|x64
		{F6FAA26D-4213-4110-9539-2F013C32E50F}.Ad-Hoc|x64.Deploy.0 = Release|x64
		{F6FAA26D-4213-4110-9539-2F013C32E50F}.Ad-Hoc|x86.ActiveCfg = Release|x86
		{F6FAA26D-4213-4110-9539-2F013C32E50F}.Ad-Hoc|x86.Build.0 = Release|x86
		{F6FAA26D-4213-4110-9539-2F013C32E50F}.Ad-Hoc|x86.Deploy.0 = Release|x86
		{F6FAA26D-4213-4110-9539-2F013C32E50F}.AppStore|Any CPU.ActiveCfg = Release|x86
		{F6FAA26D-4213-4110-9539-2F013C32E50F}.AppStore|Any CPU.Build.0 = Release|x86
		{F6FAA26D-4213-4110-9539-2F013C32E50F}.AppStore|Any CPU.Deploy.0 = Release|x86
		{F6FAA26D-4213-4110-9539-2F013C32E50F}.AppStore|ARM.ActiveCfg = Release|ARM
		{F6FAA26D-4213-4110-9539-2F013C32E50F}.AppStore|ARM.Build.0 = Release|ARM
		{F6FAA26D-4213-4110-9539-2F013C32E50F}.AppStore|ARM.Deploy.0 = Release|ARM
		{F6FAA26D-4213-4110-9539-2F013C32E50F}.AppStore|iPhone.ActiveCfg = Release|x86
		{F6FAA26D-4213-4110-9539-2F013C32E50F}.AppStore|iPhone.Build.0 = Release|x86
		{F6FAA26D-4213-4110-9539-2F013C32E50F}.AppStore|iPhone.Deploy.0 = Release|x86
		{F6FAA26D-4213-4110-9539-2F013C32E50F}.AppStore|iPhoneSimulator.ActiveCfg = Release|x86
		{F6FAA26D-4213-4110-9539-2F013C32E50F}.AppStore|iPhoneSimulator.Build.0 = Release|x86
		{F6FAA26D-4213-4110-9539-2F013C32E50F}.AppStore|iPhoneSimulator.Deploy.0 = Release|x86
		{F6FAA26D-4213-4110-9539-2F013C32E50F}.AppStore|x64.ActiveCfg = Release|x64
		{F6FAA26D-4213-4110-9539-2F013C32E50F}.AppStore|x64.Build.0 = Release|x64
		{F6FAA26D-4213-4110-9539-2F013C32E50F}.AppStore|x64.Deploy.0 = Release|x64
		{F6FAA26D-4213-4110-9539-2F013C32E50F}.AppStore|x86.ActiveCfg = Release|x86
		{F6FAA26D-4213-4110-9539-2F013C32E50F}.AppStore|x86.Build.0 = Release|x86
		{F6FAA26D-4213-4110-9539-2F013C32E50F}.AppStore|x86.Deploy.0 = Release|x86
		{F6FAA26D-4213-4110-9539-2F013C32E50F}.Debug|Any CPU.ActiveCfg = Debug|x86
		{F6FAA26D-4213-4110-9539-2F013C32E50F}.Debug|ARM.ActiveCfg = Debug|ARM
		{F6FAA26D-4213-4110-9539-2F013C32E50F}.Debug|ARM.Build.0 = Debug|ARM
		{F6FAA26D-4213-4110-9539-2F013C32E50F}.Debug|ARM.Deploy.0 = Debug|ARM
		{F6FAA26D-4213-4110-9539-2F013C32E50F}.Debug|iPhone.ActiveCfg = Debug|x86
		{F6FAA26D-4213-4110-9539-2F013C32E50F}.Debug|iPhoneSimulator.ActiveCfg = Debug|x86
		{F6FAA26D-4213-4110-9539-2F013C32E50F}.Debug|x64.ActiveCfg = Debug|x64
		{F6FAA26D-4213-4110-9539-2F013C32E50F}.Debug|x64.Build.0 = Debug|x64
		{F6FAA26D-4213-4110-9539-2F013C32E50F}.Debug|x64.Deploy.0 = Debug|x64
		{F6FAA26D-4213-4110-9539-2F013C32E50F}.Debug|x86.ActiveCfg = Debug|x86
		{F6FAA26D-4213-4110-9539-2F013C32E50F}.Debug|x86.Build.0 = Debug|x86
		{F6FAA26D-4213-4110-9539-2F013C32E50F}.Debug|x86.Deploy.0 = Debug|x86
		{F6FAA26D-4213-4110-9539-2F013C32E50F}.Release|Any CPU.ActiveCfg = Release|x86
		{F6FAA26D-4213-4110-9539-2F013C32E50F}.Release|ARM.ActiveCfg = Release|ARM
		{F6FAA26D-4213-4110-9539-2F013C32E50F}.Release|ARM.Build.0 = Release|ARM
		{F6FAA26D-4213-4110-9539-2F013C32E50F}.Release|ARM.Deploy.0 = Release|ARM
		{F6FAA26D-4213-4110-9539-2F013C32E50F}.Release|iPhone.ActiveCfg = Release|x86
		{F6FAA26D-4213-4110-9539-2F013C32E50F}.Release|iPhoneSimulator.ActiveCfg = Release|x86
		{F6FAA26D-4213-4110-9539-2F013C32E50F}.Release|x64.ActiveCfg = Release|x64
		{F6FAA26D-4213-4110-9539-2F013C32E50F}.Release|x64.Build.0 = Release|x64
		{F6FAA26D-4213-4110-9539-2F013C32E50F}.Release|x64.Deploy.0 = Release|x64
		{F6FAA26D-4213-4110-9539-2F013C32E50F}.Release|x86.ActiveCfg = Release|x86
		{F6FAA26D-4213-4110-9539-2F013C32E50F}.Release|x86.Build.0 = Release|x86
		{F6FAA26D-4213-4110-9539-2F013C32E50F}.Release|x86.Deploy.0 = Release|x86
		{8BCC71D2-144B-40F7-91DD-20322A9F5BBF}.Ad-Hoc|Any CPU.ActiveCfg = Release|Any CPU
		{8BCC71D2-144B-40F7-91DD-20322A9F5BBF}.Ad-Hoc|Any CPU.Build.0 = Release|Any CPU
		{8BCC71D2-144B-40F7-91DD-20322A9F5BBF}.Ad-Hoc|Any CPU.Deploy.0 = Release|Any CPU
		{8BCC71D2-144B-40F7-91DD-20322A9F5BBF}.Ad-Hoc|ARM.ActiveCfg = Release|ARM
		{8BCC71D2-144B-40F7-91DD-20322A9F5BBF}.Ad-Hoc|ARM.Build.0 = Release|ARM
		{8BCC71D2-144B-40F7-91DD-20322A9F5BBF}.Ad-Hoc|ARM.Deploy.0 = Release|ARM
		{8BCC71D2-144B-40F7-91DD-20322A9F5BBF}.Ad-Hoc|iPhone.ActiveCfg = Release|Any CPU
		{8BCC71D2-144B-40F7-91DD-20322A9F5BBF}.Ad-Hoc|iPhone.Build.0 = Release|Any CPU
		{8BCC71D2-144B-40F7-91DD-20322A9F5BBF}.Ad-Hoc|iPhone.Deploy.0 = Release|Any CPU
		{8BCC71D2-144B-40F7-91DD-20322A9F5BBF}.Ad-Hoc|iPhoneSimulator.ActiveCfg = Release|Any CPU
		{8BCC71D2-144B-40F7-91DD-20322A9F5BBF}.Ad-Hoc|iPhoneSimulator.Build.0 = Release|Any CPU
		{8BCC71D2-144B-40F7-91DD-20322A9F5BBF}.Ad-Hoc|iPhoneSimulator.Deploy.0 = Release|Any CPU
		{8BCC71D2-144B-40F7-91DD-20322A9F5BBF}.Ad-Hoc|x64.ActiveCfg = Release|x64
		{8BCC71D2-144B-40F7-91DD-20322A9F5BBF}.Ad-Hoc|x64.Build.0 = Release|x64
		{8BCC71D2-144B-40F7-91DD-20322A9F5BBF}.Ad-Hoc|x64.Deploy.0 = Release|x64
		{8BCC71D2-144B-40F7-91DD-20322A9F5BBF}.Ad-Hoc|x86.ActiveCfg = Release|x86
		{8BCC71D2-144B-40F7-91DD-20322A9F5BBF}.Ad-Hoc|x86.Build.0 = Release|x86
		{8BCC71D2-144B-40F7-91DD-20322A9F5BBF}.Ad-Hoc|x86.Deploy.0 = Release|x86
		{8BCC71D2-144B-40F7-91DD-20322A9F5BBF}.AppStore|Any CPU.ActiveCfg = Release|Any CPU
		{8BCC71D2-144B-40F7-91DD-20322A9F5BBF}.AppStore|Any CPU.Build.0 = Release|Any CPU
		{8BCC71D2-144B-40F7-91DD-20322A9F5BBF}.AppStore|Any CPU.Deploy.0 = Release|Any CPU
		{8BCC71D2-144B-40F7-91DD-20322A9F5BBF}.AppStore|ARM.ActiveCfg = Release|ARM
		{8BCC71D2-144B-40F7-91DD-20322A9F5BBF}.AppStore|ARM.Build.0 = Release|ARM
		{8BCC71D2-144B-40F7-91DD-20322A9F5BBF}.AppStore|ARM.Deploy.0 = Release|ARM
		{8BCC71D2-144B-40F7-91DD-20322A9F5BBF}.AppStore|iPhone.ActiveCfg = Release|Any CPU
		{8BCC71D2-144B-40F7-91DD-20322A9F5BBF}.AppStore|iPhone.Build.0 = Release|Any CPU
		{8BCC71D2-144B-40F7-91DD-20322A9F5BBF}.AppStore|iPhone.Deploy.0 = Release|Any CPU
		{8BCC71D2-144B-40F7-91DD-20322A9F5BBF}.AppStore|iPhoneSimulator.ActiveCfg = Release|Any CPU
		{8BCC71D2-144B-40F7-91DD-20322A9F5BBF}.AppStore|iPhoneSimulator.Build.0 = Release|Any CPU
		{8BCC71D2-144B-40F7-91DD-20322A9F5BBF}.AppStore|iPhoneSimulator.Deploy.0 = Release|Any CPU
		{8BCC71D2-144B-40F7-91DD-20322A9F5BBF}.AppStore|x64.ActiveCfg = Release|x64
		{8BCC71D2-144B-40F7-91DD-20322A9F5BBF}.AppStore|x64.Build.0 = Release|x64
		{8BCC71D2-144B-40F7-91DD-20322A9F5BBF}.AppStore|x64.Deploy.0 = Release|x64
		{8BCC71D2-144B-40F7-91DD-20322A9F5BBF}.AppStore|x86.ActiveCfg = Release|x86
		{8BCC71D2-144B-40F7-91DD-20322A9F5BBF}.AppStore|x86.Build.0 = Release|x86
		{8BCC71D2-144B-40F7-91DD-20322A9F5BBF}.AppStore|x86.Deploy.0 = Release|x86
		{8BCC71D2-144B-40F7-91DD-20322A9F5BBF}.Debug|Any CPU.ActiveCfg = Debug|Any CPU
		{8BCC71D2-144B-40F7-91DD-20322A9F5BBF}.Debug|Any CPU.Build.0 = Debug|Any CPU
		{8BCC71D2-144B-40F7-91DD-20322A9F5BBF}.Debug|Any CPU.Deploy.0 = Debug|Any CPU
		{8BCC71D2-144B-40F7-91DD-20322A9F5BBF}.Debug|ARM.ActiveCfg = Debug|ARM
		{8BCC71D2-144B-40F7-91DD-20322A9F5BBF}.Debug|ARM.Build.0 = Debug|ARM
		{8BCC71D2-144B-40F7-91DD-20322A9F5BBF}.Debug|ARM.Deploy.0 = Debug|ARM
		{8BCC71D2-144B-40F7-91DD-20322A9F5BBF}.Debug|iPhone.ActiveCfg = Debug|Any CPU
		{8BCC71D2-144B-40F7-91DD-20322A9F5BBF}.Debug|iPhone.Build.0 = Debug|Any CPU
		{8BCC71D2-144B-40F7-91DD-20322A9F5BBF}.Debug|iPhone.Deploy.0 = Debug|Any CPU
		{8BCC71D2-144B-40F7-91DD-20322A9F5BBF}.Debug|iPhoneSimulator.ActiveCfg = Debug|Any CPU
		{8BCC71D2-144B-40F7-91DD-20322A9F5BBF}.Debug|iPhoneSimulator.Build.0 = Debug|Any CPU
		{8BCC71D2-144B-40F7-91DD-20322A9F5BBF}.Debug|iPhoneSimulator.Deploy.0 = Debug|Any CPU
		{8BCC71D2-144B-40F7-91DD-20322A9F5BBF}.Debug|x64.ActiveCfg = Debug|x64
		{8BCC71D2-144B-40F7-91DD-20322A9F5BBF}.Debug|x64.Build.0 = Debug|x64
		{8BCC71D2-144B-40F7-91DD-20322A9F5BBF}.Debug|x64.Deploy.0 = Debug|x64
		{8BCC71D2-144B-40F7-91DD-20322A9F5BBF}.Debug|x86.ActiveCfg = Debug|x86
		{8BCC71D2-144B-40F7-91DD-20322A9F5BBF}.Debug|x86.Build.0 = Debug|x86
		{8BCC71D2-144B-40F7-91DD-20322A9F5BBF}.Debug|x86.Deploy.0 = Debug|x86
		{8BCC71D2-144B-40F7-91DD-20322A9F5BBF}.Release|Any CPU.ActiveCfg = Release|Any CPU
		{8BCC71D2-144B-40F7-91DD-20322A9F5BBF}.Release|Any CPU.Build.0 = Release|Any CPU
		{8BCC71D2-144B-40F7-91DD-20322A9F5BBF}.Release|Any CPU.Deploy.0 = Release|Any CPU
		{8BCC71D2-144B-40F7-91DD-20322A9F5BBF}.Release|ARM.ActiveCfg = Release|ARM
		{8BCC71D2-144B-40F7-91DD-20322A9F5BBF}.Release|ARM.Build.0 = Release|ARM
		{8BCC71D2-144B-40F7-91DD-20322A9F5BBF}.Release|ARM.Deploy.0 = Release|ARM
		{8BCC71D2-144B-40F7-91DD-20322A9F5BBF}.Release|iPhone.ActiveCfg = Release|Any CPU
		{8BCC71D2-144B-40F7-91DD-20322A9F5BBF}.Release|iPhone.Build.0 = Release|Any CPU
		{8BCC71D2-144B-40F7-91DD-20322A9F5BBF}.Release|iPhone.Deploy.0 = Release|Any CPU
		{8BCC71D2-144B-40F7-91DD-20322A9F5BBF}.Release|iPhoneSimulator.ActiveCfg = Release|Any CPU
		{8BCC71D2-144B-40F7-91DD-20322A9F5BBF}.Release|iPhoneSimulator.Build.0 = Release|Any CPU
		{8BCC71D2-144B-40F7-91DD-20322A9F5BBF}.Release|iPhoneSimulator.Deploy.0 = Release|Any CPU
		{8BCC71D2-144B-40F7-91DD-20322A9F5BBF}.Release|x64.ActiveCfg = Release|x64
		{8BCC71D2-144B-40F7-91DD-20322A9F5BBF}.Release|x64.Build.0 = Release|x64
		{8BCC71D2-144B-40F7-91DD-20322A9F5BBF}.Release|x64.Deploy.0 = Release|x64
		{8BCC71D2-144B-40F7-91DD-20322A9F5BBF}.Release|x86.ActiveCfg = Release|x86
		{8BCC71D2-144B-40F7-91DD-20322A9F5BBF}.Release|x86.Build.0 = Release|x86
		{8BCC71D2-144B-40F7-91DD-20322A9F5BBF}.Release|x86.Deploy.0 = Release|x86
	EndGlobalSection
	GlobalSection(SolutionProperties) = preSolution
		HideSolutionNode = FALSE
	EndGlobalSection
EndGlobal
